
Microsoft Visual Studio Solution File, Format Version 12.00
# Visual Studio Version 17
VisualStudioVersion = 17.5.002.0
MinimumVisualStudioVersion = 10.0.40219.1
Project("{9A19103F-16F7-4668-BE54-9A1E7A4F7556}") = "FaceSample", "FaceSample.csproj", "{F261E694-6246-456E-8EB1-7583FDD0B8A5}"
EndProject
Global
	GlobalSection(SolutionConfigurationPlatforms) = preSolution
		Debug|Any CPU = Debug|Any CPU
		Release|Any CPU = Release|Any CPU
	EndGlobalSection
	GlobalSection(ProjectConfigurationPlatforms) = postSolution
		{F261E694-6246-456E-8EB1-7583FDD0B8A5}.Debug|Any CPU.ActiveCfg = Debug|Any CPU
		{F261E694-6246-456E-8EB1-7583FDD0B8A5}.Debug|Any CPU.Build.0 = Debug|Any CPU
		{F261E694-6246-456E-8EB1-7583FDD0B8A5}.Release|Any CPU.ActiveCfg = Release|Any CPU
		{F261E694-6246-456E-8EB1-7583FDD0B8A5}.Release|Any CPU.Build.0 = Release|Any CPU
	EndGlobalSection
	GlobalSection(SolutionProperties) = preSolution
		HideSolutionNode = FALSE
	EndGlobalSection
	GlobalSection(ExtensibilityGlobals) = postSolution
		SolutionGuid = {7FD7FA32-350F-4349-AD8C-2994D65FB4AE}
	EndGlobalSection
EndGlobal
